
Microsoft Visual Studio Solution File, Format Version 12.00
# Visual Studio Version 17
VisualStudioVersion = 17.5.002.0
MinimumVisualStudioVersion = 10.0.40219.1
Project("{9A19103F-16F7-4668-BE54-9A1E7A4F7556}") = "EstructuraSimple", "EstructuraSimple.csproj", "{1E74CB03-EF87-464C-916F-DD7A5F4ABA23}"
EndProject
Global
	GlobalSection(SolutionConfigurationPlatforms) = preSolution
		Debug|Any CPU = Debug|Any CPU
		Release|Any CPU = Release|Any CPU
	EndGlobalSection
	GlobalSection(ProjectConfigurationPlatforms) = postSolution
		{1E74CB03-EF87-464C-916F-DD7A5F4ABA23}.Debug|Any CPU.ActiveCfg = Debug|Any CPU
		{1E74CB03-EF87-464C-916F-DD7A5F4ABA23}.Debug|Any CPU.Build.0 = Debug|Any CPU
		{1E74CB03-EF87-464C-916F-DD7A5F4ABA23}.Release|Any CPU.ActiveCfg = Release|Any CPU
		{1E74CB03-EF87-464C-916F-DD7A5F4ABA23}.Release|Any CPU.Build.0 = Release|Any CPU
	EndGlobalSection
	GlobalSection(SolutionProperties) = preSolution
		HideSolutionNode = FALSE
	EndGlobalSection
	GlobalSection(ExtensibilityGlobals) = postSolution
		SolutionGuid = {809D64C5-92D3-40BD-AD11-5121D21D1F96}
	EndGlobalSection
EndGlobal
